// !$*UTF8*$!
{
	archiveVersion = 1;
	classes = {
	};
	objectVersion = 55;
	objects = {

/* Begin PBXBuildFile section */
		0C06241127FEE30F004DC713 /* ContainerViewController.swift in Sources */ = {isa = PBXBuildFile; fileRef = 0C06241027FEE30F004DC713 /* ContainerViewController.swift */; };
		0C06241327FEE33E004DC713 /* MenuViewController.swift in Sources */ = {isa = PBXBuildFile; fileRef = 0C06241227FEE33E004DC713 /* MenuViewController.swift */; };
		0C06241527FF394D004DC713 /* MenuView.swift in Sources */ = {isa = PBXBuildFile; fileRef = 0C06241427FF394D004DC713 /* MenuView.swift */; };
		0C062418280057DE004DC713 /* UserModel.swift in Sources */ = {isa = PBXBuildFile; fileRef = 0C062417280057DE004DC713 /* UserModel.swift */; };
		0C06241A28005851004DC713 /* UserStruct.swift in Sources */ = {isa = PBXBuildFile; fileRef = 0C06241928005851004DC713 /* UserStruct.swift */; };
		0C06241C280075BF004DC713 /* SignUpViewController.swift in Sources */ = {isa = PBXBuildFile; fileRef = 0C06241B280075BF004DC713 /* SignUpViewController.swift */; };
		0C06241E280075ED004DC713 /* SignUpStackView.swift in Sources */ = {isa = PBXBuildFile; fileRef = 0C06241D280075ED004DC713 /* SignUpStackView.swift */; };
		0C06242028007CC3004DC713 /* SignUpView.swift in Sources */ = {isa = PBXBuildFile; fileRef = 0C06241F28007CC3004DC713 /* SignUpView.swift */; };
		0C0624232800CA8C004DC713 /* PhotosController + Extension.swift in Sources */ = {isa = PBXBuildFile; fileRef = 0C0624222800CA8C004DC713 /* PhotosController + Extension.swift */; };
		0C0624252800D28F004DC713 /* MainController + Extension.swift in Sources */ = {isa = PBXBuildFile; fileRef = 0C0624242800D28F004DC713 /* MainController + Extension.swift */; };
		0C0624272800EF0B004DC713 /* AllUsersTableViewController.swift in Sources */ = {isa = PBXBuildFile; fileRef = 0C0624262800EF0B004DC713 /* AllUsersTableViewController.swift */; };
		0C0624292800EF5B004DC713 /* AllUsersCell.swift in Sources */ = {isa = PBXBuildFile; fileRef = 0C0624282800EF5B004DC713 /* AllUsersCell.swift */; };
		0C06242D2801BA63004DC713 /* FullScreenPhotoViewController.swift in Sources */ = {isa = PBXBuildFile; fileRef = 0C06242C2801BA63004DC713 /* FullScreenPhotoViewController.swift */; };
		0C06242F2801E66C004DC713 /* UIAlertController + Extension.swift in Sources */ = {isa = PBXBuildFile; fileRef = 0C06242E2801E66C004DC713 /* UIAlertController + Extension.swift */; };
		0C0A62DD2802491500594EA4 /* SaveAndLoadImage.swift in Sources */ = {isa = PBXBuildFile; fileRef = 0C0A62DC2802491500594EA4 /* SaveAndLoadImage.swift */; };
		0C0A62DF280273F300594EA4 /* NSNotification + Extension.swift in Sources */ = {isa = PBXBuildFile; fileRef = 0C0A62DE280273F300594EA4 /* NSNotification + Extension.swift */; };
		0CABADF027FADFF10054E1B0 /* AppDelegate.swift in Sources */ = {isa = PBXBuildFile; fileRef = 0CABADEF27FADFF10054E1B0 /* AppDelegate.swift */; };
		0CABADF227FADFF10054E1B0 /* SceneDelegate.swift in Sources */ = {isa = PBXBuildFile; fileRef = 0CABADF127FADFF10054E1B0 /* SceneDelegate.swift */; };
		0CABADF427FADFF10054E1B0 /* MainViewController.swift in Sources */ = {isa = PBXBuildFile; fileRef = 0CABADF327FADFF10054E1B0 /* MainViewController.swift */; };
		0CABADF927FADFF20054E1B0 /* Assets.xcassets in Resources */ = {isa = PBXBuildFile; fileRef = 0CABADF827FADFF20054E1B0 /* Assets.xcassets */; };
		0CABADFC27FADFF20054E1B0 /* LaunchScreen.storyboard in Resources */ = {isa = PBXBuildFile; fileRef = 0CABADFA27FADFF20054E1B0 /* LaunchScreen.storyboard */; };
		0CABAE0527FB04C20054E1B0 /* PhotosCollectionViewController.swift in Sources */ = {isa = PBXBuildFile; fileRef = 0CABAE0427FB04C20054E1B0 /* PhotosCollectionViewController.swift */; };
		0CABAE0727FB04DD0054E1B0 /* CellIdentifier.swift in Sources */ = {isa = PBXBuildFile; fileRef = 0CABAE0627FB04DD0054E1B0 /* CellIdentifier.swift */; };
		0CABAE0B27FB051C0054E1B0 /* PhotosCell.swift in Sources */ = {isa = PBXBuildFile; fileRef = 0CABAE0A27FB051C0054E1B0 /* PhotosCell.swift */; };
		0CABAE0D27FB10B50054E1B0 /* MainView.swift in Sources */ = {isa = PBXBuildFile; fileRef = 0CABAE0C27FB10B50054E1B0 /* MainView.swift */; };
/* End PBXBuildFile section */

/* Begin PBXFileReference section */
		0C06241027FEE30F004DC713 /* ContainerViewController.swift */ = {isa = PBXFileReference; lastKnownFileType = sourcecode.swift; path = ContainerViewController.swift; sourceTree = "<group>"; };
		0C06241227FEE33E004DC713 /* MenuViewController.swift */ = {isa = PBXFileReference; lastKnownFileType = sourcecode.swift; path = MenuViewController.swift; sourceTree = "<group>"; };
		0C06241427FF394D004DC713 /* MenuView.swift */ = {isa = PBXFileReference; lastKnownFileType = sourcecode.swift; path = MenuView.swift; sourceTree = "<group>"; };
		0C062417280057DE004DC713 /* UserModel.swift */ = {isa = PBXFileReference; lastKnownFileType = sourcecode.swift; path = UserModel.swift; sourceTree = "<group>"; };
		0C06241928005851004DC713 /* UserStruct.swift */ = {isa = PBXFileReference; lastKnownFileType = sourcecode.swift; path = UserStruct.swift; sourceTree = "<group>"; };
		0C06241B280075BF004DC713 /* SignUpViewController.swift */ = {isa = PBXFileReference; lastKnownFileType = sourcecode.swift; path = SignUpViewController.swift; sourceTree = "<group>"; };
		0C06241D280075ED004DC713 /* SignUpStackView.swift */ = {isa = PBXFileReference; lastKnownFileType = sourcecode.swift; path = SignUpStackView.swift; sourceTree = "<group>"; };
		0C06241F28007CC3004DC713 /* SignUpView.swift */ = {isa = PBXFileReference; lastKnownFileType = sourcecode.swift; path = SignUpView.swift; sourceTree = "<group>"; };
		0C0624222800CA8C004DC713 /* PhotosController + Extension.swift */ = {isa = PBXFileReference; lastKnownFileType = sourcecode.swift; path = "PhotosController + Extension.swift"; sourceTree = "<group>"; };
		0C0624242800D28F004DC713 /* MainController + Extension.swift */ = {isa = PBXFileReference; lastKnownFileType = sourcecode.swift; path = "MainController + Extension.swift"; sourceTree = "<group>"; };
		0C0624262800EF0B004DC713 /* AllUsersTableViewController.swift */ = {isa = PBXFileReference; lastKnownFileType = sourcecode.swift; path = AllUsersTableViewController.swift; sourceTree = "<group>"; };
		0C0624282800EF5B004DC713 /* AllUsersCell.swift */ = {isa = PBXFileReference; lastKnownFileType = sourcecode.swift; path = AllUsersCell.swift; sourceTree = "<group>"; };
		0C06242C2801BA63004DC713 /* FullScreenPhotoViewController.swift */ = {isa = PBXFileReference; lastKnownFileType = sourcecode.swift; path = FullScreenPhotoViewController.swift; sourceTree = "<group>"; };
		0C06242E2801E66C004DC713 /* UIAlertController + Extension.swift */ = {isa = PBXFileReference; lastKnownFileType = sourcecode.swift; path = "UIAlertController + Extension.swift"; sourceTree = "<group>"; };
		0C0A62DC2802491500594EA4 /* SaveAndLoadImage.swift */ = {isa = PBXFileReference; lastKnownFileType = sourcecode.swift; path = SaveAndLoadImage.swift; sourceTree = "<group>"; };
		0C0A62DE280273F300594EA4 /* NSNotification + Extension.swift */ = {isa = PBXFileReference; lastKnownFileType = sourcecode.swift; path = "NSNotification + Extension.swift"; sourceTree = "<group>"; };
		0CABADEC27FADFF10054E1B0 /* Photos App.app */ = {isa = PBXFileReference; explicitFileType = wrapper.application; includeInIndex = 0; path = "Photos App.app"; sourceTree = BUILT_PRODUCTS_DIR; };
		0CABADEF27FADFF10054E1B0 /* AppDelegate.swift */ = {isa = PBXFileReference; lastKnownFileType = sourcecode.swift; path = AppDelegate.swift; sourceTree = "<group>"; };
		0CABADF127FADFF10054E1B0 /* SceneDelegate.swift */ = {isa = PBXFileReference; lastKnownFileType = sourcecode.swift; path = SceneDelegate.swift; sourceTree = "<group>"; };
		0CABADF327FADFF10054E1B0 /* MainViewController.swift */ = {isa = PBXFileReference; lastKnownFileType = sourcecode.swift; path = MainViewController.swift; sourceTree = "<group>"; };
		0CABADF827FADFF20054E1B0 /* Assets.xcassets */ = {isa = PBXFileReference; lastKnownFileType = folder.assetcatalog; path = Assets.xcassets; sourceTree = "<group>"; };
		0CABADFB27FADFF20054E1B0 /* Base */ = {isa = PBXFileReference; lastKnownFileType = file.storyboard; name = Base; path = Base.lproj/LaunchScreen.storyboard; sourceTree = "<group>"; };
		0CABADFD27FADFF20054E1B0 /* Info.plist */ = {isa = PBXFileReference; lastKnownFileType = text.plist.xml; path = Info.plist; sourceTree = "<group>"; };
		0CABAE0427FB04C20054E1B0 /* PhotosCollectionViewController.swift */ = {isa = PBXFileReference; lastKnownFileType = sourcecode.swift; path = PhotosCollectionViewController.swift; sourceTree = "<group>"; };
		0CABAE0627FB04DD0054E1B0 /* CellIdentifier.swift */ = {isa = PBXFileReference; lastKnownFileType = sourcecode.swift; path = CellIdentifier.swift; sourceTree = "<group>"; };
		0CABAE0A27FB051C0054E1B0 /* PhotosCell.swift */ = {isa = PBXFileReference; lastKnownFileType = sourcecode.swift; path = PhotosCell.swift; sourceTree = "<group>"; };
		0CABAE0C27FB10B50054E1B0 /* MainView.swift */ = {isa = PBXFileReference; lastKnownFileType = sourcecode.swift; path = MainView.swift; sourceTree = "<group>"; };
/* End PBXFileReference section */

/* Begin PBXFrameworksBuildPhase section */
		0CABADE927FADFF10054E1B0 /* Frameworks */ = {
			isa = PBXFrameworksBuildPhase;
			buildActionMask = 2147483647;
			files = (
			);
			runOnlyForDeploymentPostprocessing = 0;
		};
/* End PBXFrameworksBuildPhase section */

/* Begin PBXGroup section */
		0C06241628005797004DC713 /* Models */ = {
			isa = PBXGroup;
			children = (
				0CABAE0627FB04DD0054E1B0 /* CellIdentifier.swift */,
				0C062417280057DE004DC713 /* UserModel.swift */,
				0C06241928005851004DC713 /* UserStruct.swift */,
				0C0A62DC2802491500594EA4 /* SaveAndLoadImage.swift */,
			);
			path = Models;
			sourceTree = "<group>";
		};
		0C0624212800CA6B004DC713 /* Extensions */ = {
			isa = PBXGroup;
			children = (
				0C0624242800D28F004DC713 /* MainController + Extension.swift */,
				0C0A62DE280273F300594EA4 /* NSNotification + Extension.swift */,
				0C0624222800CA8C004DC713 /* PhotosController + Extension.swift */,
				0C06242E2801E66C004DC713 /* UIAlertController + Extension.swift */,
			);
			path = Extensions;
			sourceTree = "<group>";
		};
		0CABADE327FADFF10054E1B0 = {
			isa = PBXGroup;
			children = (
				0CABADEE27FADFF10054E1B0 /* Photos App */,
				0CABADED27FADFF10054E1B0 /* Products */,
			);
			sourceTree = "<group>";
		};
		0CABADED27FADFF10054E1B0 /* Products */ = {
			isa = PBXGroup;
			children = (
				0CABADEC27FADFF10054E1B0 /* Photos App.app */,
			);
			name = Products;
			sourceTree = "<group>";
		};
		0CABADEE27FADFF10054E1B0 /* Photos App */ = {
			isa = PBXGroup;
			children = (
				0C06241628005797004DC713 /* Models */,
				0CABAE0927FB05030054E1B0 /* Views */,
				0CABAE0327FB04830054E1B0 /* Controllers */,
				0C0624212800CA6B004DC713 /* Extensions */,
				0CABADEF27FADFF10054E1B0 /* AppDelegate.swift */,
				0CABADF127FADFF10054E1B0 /* SceneDelegate.swift */,
				0CABADF827FADFF20054E1B0 /* Assets.xcassets */,
				0CABADFA27FADFF20054E1B0 /* LaunchScreen.storyboard */,
				0CABADFD27FADFF20054E1B0 /* Info.plist */,
			);
			path = "Photos App";
			sourceTree = "<group>";
		};
		0CABAE0327FB04830054E1B0 /* Controllers */ = {
			isa = PBXGroup;
			children = (
				0C0624262800EF0B004DC713 /* AllUsersTableViewController.swift */,
				0C06241027FEE30F004DC713 /* ContainerViewController.swift */,
				0C06242C2801BA63004DC713 /* FullScreenPhotoViewController.swift */,
				0CABADF327FADFF10054E1B0 /* MainViewController.swift */,
				0C06241227FEE33E004DC713 /* MenuViewController.swift */,
				0CABAE0427FB04C20054E1B0 /* PhotosCollectionViewController.swift */,
				0C06241B280075BF004DC713 /* SignUpViewController.swift */,
			);
			path = Controllers;
			sourceTree = "<group>";
		};
		0CABAE0827FB04F50054E1B0 /* Cells */ = {
			isa = PBXGroup;
			children = (
				0C0624282800EF5B004DC713 /* AllUsersCell.swift */,
				0CABAE0A27FB051C0054E1B0 /* PhotosCell.swift */,
			);
			path = Cells;
			sourceTree = "<group>";
		};
		0CABAE0927FB05030054E1B0 /* Views */ = {
			isa = PBXGroup;
			children = (
				0CABAE0827FB04F50054E1B0 /* Cells */,
				0CABAE0C27FB10B50054E1B0 /* MainView.swift */,
				0C06241427FF394D004DC713 /* MenuView.swift */,
				0C06241D280075ED004DC713 /* SignUpStackView.swift */,
				0C06241F28007CC3004DC713 /* SignUpView.swift */,
			);
			path = Views;
			sourceTree = "<group>";
		};
/* End PBXGroup section */

/* Begin PBXNativeTarget section */
		0CABADEB27FADFF10054E1B0 /* Photos App */ = {
			isa = PBXNativeTarget;
			buildConfigurationList = 0CABAE0027FADFF20054E1B0 /* Build configuration list for PBXNativeTarget "Photos App" */;
			buildPhases = (
				0CABADE827FADFF10054E1B0 /* Sources */,
				0CABADE927FADFF10054E1B0 /* Frameworks */,
				0CABADEA27FADFF10054E1B0 /* Resources */,
			);
			buildRules = (
			);
			dependencies = (
			);
			name = "Photos App";
			productName = "Photos App";
			productReference = 0CABADEC27FADFF10054E1B0 /* Photos App.app */;
			productType = "com.apple.product-type.application";
		};
/* End PBXNativeTarget section */

/* Begin PBXProject section */
		0CABADE427FADFF10054E1B0 /* Project object */ = {
			isa = PBXProject;
			attributes = {
				BuildIndependentTargetsInParallel = 1;
				LastSwiftUpdateCheck = 1330;
				LastUpgradeCheck = 1330;
				TargetAttributes = {
					0CABADEB27FADFF10054E1B0 = {
						CreatedOnToolsVersion = 13.3;
					};
				};
			};
			buildConfigurationList = 0CABADE727FADFF10054E1B0 /* Build configuration list for PBXProject "Photos App" */;
			compatibilityVersion = "Xcode 13.0";
			developmentRegion = en;
			hasScannedForEncodings = 0;
			knownRegions = (
				en,
				Base,
			);
			mainGroup = 0CABADE327FADFF10054E1B0;
			productRefGroup = 0CABADED27FADFF10054E1B0 /* Products */;
			projectDirPath = "";
			projectRoot = "";
			targets = (
				0CABADEB27FADFF10054E1B0 /* Photos App */,
			);
		};
/* End PBXProject section */

/* Begin PBXResourcesBuildPhase section */
		0CABADEA27FADFF10054E1B0 /* Resources */ = {
			isa = PBXResourcesBuildPhase;
			buildActionMask = 2147483647;
			files = (
				0CABADFC27FADFF20054E1B0 /* LaunchScreen.storyboard in Resources */,
				0CABADF927FADFF20054E1B0 /* Assets.xcassets in Resources */,
			);
			runOnlyForDeploymentPostprocessing = 0;
		};
/* End PBXResourcesBuildPhase section */

/* Begin PBXSourcesBuildPhase section */
		0CABADE827FADFF10054E1B0 /* Sources */ = {
			isa = PBXSourcesBuildPhase;
			buildActionMask = 2147483647;
			files = (
				0C0624252800D28F004DC713 /* MainController + Extension.swift in Sources */,
				0CABADF427FADFF10054E1B0 /* MainViewController.swift in Sources */,
				0CABADF027FADFF10054E1B0 /* AppDelegate.swift in Sources */,
				0C06241127FEE30F004DC713 /* ContainerViewController.swift in Sources */,
				0C0A62DF280273F300594EA4 /* NSNotification + Extension.swift in Sources */,
				0C06241E280075ED004DC713 /* SignUpStackView.swift in Sources */,
				0C06242F2801E66C004DC713 /* UIAlertController + Extension.swift in Sources */,
				0C0A62DD2802491500594EA4 /* SaveAndLoadImage.swift in Sources */,
				0C0624272800EF0B004DC713 /* AllUsersTableViewController.swift in Sources */,
				0C06241A28005851004DC713 /* UserStruct.swift in Sources */,
				0C0624292800EF5B004DC713 /* AllUsersCell.swift in Sources */,
				0CABAE0B27FB051C0054E1B0 /* PhotosCell.swift in Sources */,
				0C06241327FEE33E004DC713 /* MenuViewController.swift in Sources */,
				0C06241527FF394D004DC713 /* MenuView.swift in Sources */,
				0CABAE0D27FB10B50054E1B0 /* MainView.swift in Sources */,
				0C06242028007CC3004DC713 /* SignUpView.swift in Sources */,
				0C06242D2801BA63004DC713 /* FullScreenPhotoViewController.swift in Sources */,
				0CABAE0527FB04C20054E1B0 /* PhotosCollectionViewController.swift in Sources */,
				0CABAE0727FB04DD0054E1B0 /* CellIdentifier.swift in Sources */,
				0CABADF227FADFF10054E1B0 /* SceneDelegate.swift in Sources */,
				0C062418280057DE004DC713 /* UserModel.swift in Sources */,
				0C0624232800CA8C004DC713 /* PhotosController + Extension.swift in Sources */,
				0C06241C280075BF004DC713 /* SignUpViewController.swift in Sources */,
			);
			runOnlyForDeploymentPostprocessing = 0;
		};
/* End PBXSourcesBuildPhase section */

/* Begin PBXVariantGroup section */
		0CABADFA27FADFF20054E1B0 /* LaunchScreen.storyboard */ = {
			isa = PBXVariantGroup;
			children = (
				0CABADFB27FADFF20054E1B0 /* Base */,
			);
			name = LaunchScreen.storyboard;
			sourceTree = "<group>";
		};
/* End PBXVariantGroup section */

/* Begin XCBuildConfiguration section */
		0CABADFE27FADFF20054E1B0 /* Debug */ = {
			isa = XCBuildConfiguration;
			buildSettings = {
				ALWAYS_SEARCH_USER_PATHS = NO;
				CLANG_ANALYZER_NONNULL = YES;
				CLANG_ANALYZER_NUMBER_OBJECT_CONVERSION = YES_AGGRESSIVE;
				CLANG_CXX_LANGUAGE_STANDARD = "gnu++17";
				CLANG_ENABLE_MODULES = YES;
				CLANG_ENABLE_OBJC_ARC = YES;
				CLANG_ENABLE_OBJC_WEAK = YES;
				CLANG_WARN_BLOCK_CAPTURE_AUTORELEASING = YES;
				CLANG_WARN_BOOL_CONVERSION = YES;
				CLANG_WARN_COMMA = YES;
				CLANG_WARN_CONSTANT_CONVERSION = YES;
				CLANG_WARN_DEPRECATED_OBJC_IMPLEMENTATIONS = YES;
				CLANG_WARN_DIRECT_OBJC_ISA_USAGE = YES_ERROR;
				CLANG_WARN_DOCUMENTATION_COMMENTS = YES;
				CLANG_WARN_EMPTY_BODY = YES;
				CLANG_WARN_ENUM_CONVERSION = YES;
				CLANG_WARN_INFINITE_RECURSION = YES;
				CLANG_WARN_INT_CONVERSION = YES;
				CLANG_WARN_NON_LITERAL_NULL_CONVERSION = YES;
				CLANG_WARN_OBJC_IMPLICIT_RETAIN_SELF = YES;
				CLANG_WARN_OBJC_LITERAL_CONVERSION = YES;
				CLANG_WARN_OBJC_ROOT_CLASS = YES_ERROR;
				CLANG_WARN_QUOTED_INCLUDE_IN_FRAMEWORK_HEADER = YES;
				CLANG_WARN_RANGE_LOOP_ANALYSIS = YES;
				CLANG_WARN_STRICT_PROTOTYPES = YES;
				CLANG_WARN_SUSPICIOUS_MOVE = YES;
				CLANG_WARN_UNGUARDED_AVAILABILITY = YES_AGGRESSIVE;
				CLANG_WARN_UNREACHABLE_CODE = YES;
				CLANG_WARN__DUPLICATE_METHOD_MATCH = YES;
				COPY_PHASE_STRIP = NO;
				DEBUG_INFORMATION_FORMAT = dwarf;
				ENABLE_STRICT_OBJC_MSGSEND = YES;
				ENABLE_TESTABILITY = YES;
				GCC_C_LANGUAGE_STANDARD = gnu11;
				GCC_DYNAMIC_NO_PIC = NO;
				GCC_NO_COMMON_BLOCKS = YES;
				GCC_OPTIMIZATION_LEVEL = 0;
				GCC_PREPROCESSOR_DEFINITIONS = (
					"DEBUG=1",
					"$(inherited)",
				);
				GCC_WARN_64_TO_32_BIT_CONVERSION = YES;
				GCC_WARN_ABOUT_RETURN_TYPE = YES_ERROR;
				GCC_WARN_UNDECLARED_SELECTOR = YES;
				GCC_WARN_UNINITIALIZED_AUTOS = YES_AGGRESSIVE;
				GCC_WARN_UNUSED_FUNCTION = YES;
				GCC_WARN_UNUSED_VARIABLE = YES;
				IPHONEOS_DEPLOYMENT_TARGET = 15.4;
				MTL_ENABLE_DEBUG_INFO = INCLUDE_SOURCE;
				MTL_FAST_MATH = YES;
				ONLY_ACTIVE_ARCH = YES;
				SDKROOT = iphoneos;
				SWIFT_ACTIVE_COMPILATION_CONDITIONS = DEBUG;
				SWIFT_OPTIMIZATION_LEVEL = "-Onone";
			};
			name = Debug;
		};
		0CABADFF27FADFF20054E1B0 /* Release */ = {
			isa = XCBuildConfiguration;
			buildSettings = {
				ALWAYS_SEARCH_USER_PATHS = NO;
				CLANG_ANALYZER_NONNULL = YES;
				CLANG_ANALYZER_NUMBER_OBJECT_CONVERSION = YES_AGGRESSIVE;
				CLANG_CXX_LANGUAGE_STANDARD = "gnu++17";
				CLANG_ENABLE_MODULES = YES;
				CLANG_ENABLE_OBJC_ARC = YES;
				CLANG_ENABLE_OBJC_WEAK = YES;
				CLANG_WARN_BLOCK_CAPTURE_AUTORELEASING = YES;
				CLANG_WARN_BOOL_CONVERSION = YES;
				CLANG_WARN_COMMA = YES;
				CLANG_WARN_CONSTANT_CONVERSION = YES;
				CLANG_WARN_DEPRECATED_OBJC_IMPLEMENTATIONS = YES;
				CLANG_WARN_DIRECT_OBJC_ISA_USAGE = YES_ERROR;
				CLANG_WARN_DOCUMENTATION_COMMENTS = YES;
				CLANG_WARN_EMPTY_BODY = YES;
				CLANG_WARN_ENUM_CONVERSION = YES;
				CLANG_WARN_INFINITE_RECURSION = YES;
				CLANG_WARN_INT_CONVERSION = YES;
				CLANG_WARN_NON_LITERAL_NULL_CONVERSION = YES;
				CLANG_WARN_OBJC_IMPLICIT_RETAIN_SELF = YES;
				CLANG_WARN_OBJC_LITERAL_CONVERSION = YES;
				CLANG_WARN_OBJC_ROOT_CLASS = YES_ERROR;
				CLANG_WARN_QUOTED_INCLUDE_IN_FRAMEWORK_HEADER = YES;
				CLANG_WARN_RANGE_LOOP_ANALYSIS = YES;
				CLANG_WARN_STRICT_PROTOTYPES = YES;
				CLANG_WARN_SUSPICIOUS_MOVE = YES;
				CLANG_WARN_UNGUARDED_AVAILABILITY = YES_AGGRESSIVE;
				CLANG_WARN_UNREACHABLE_CODE = YES;
				CLANG_WARN__DUPLICATE_METHOD_MATCH = YES;
				COPY_PHASE_STRIP = NO;
				DEBUG_INFORMATION_FORMAT = "dwarf-with-dsym";
				ENABLE_NS_ASSERTIONS = NO;
				ENABLE_STRICT_OBJC_MSGSEND = YES;
				GCC_C_LANGUAGE_STANDARD = gnu11;
				GCC_NO_COMMON_BLOCKS = YES;
				GCC_WARN_64_TO_32_BIT_CONVERSION = YES;
				GCC_WARN_ABOUT_RETURN_TYPE = YES_ERROR;
				GCC_WARN_UNDECLARED_SELECTOR = YES;
				GCC_WARN_UNINITIALIZED_AUTOS = YES_AGGRESSIVE;
				GCC_WARN_UNUSED_FUNCTION = YES;
				GCC_WARN_UNUSED_VARIABLE = YES;
				IPHONEOS_DEPLOYMENT_TARGET = 15.4;
				MTL_ENABLE_DEBUG_INFO = NO;
				MTL_FAST_MATH = YES;
				SDKROOT = iphoneos;
				SWIFT_COMPILATION_MODE = wholemodule;
				SWIFT_OPTIMIZATION_LEVEL = "-O";
				VALIDATE_PRODUCT = YES;
			};
			name = Release;
		};
		0CABAE0127FADFF20054E1B0 /* Debug */ = {
			isa = XCBuildConfiguration;
			buildSettings = {
				ASSETCATALOG_COMPILER_APPICON_NAME = AppIcon;
				ASSETCATALOG_COMPILER_GLOBAL_ACCENT_COLOR_NAME = AccentColor;
				CODE_SIGN_STYLE = Automatic;
				CURRENT_PROJECT_VERSION = 1;
				DEVELOPMENT_TEAM = QDAGX7ZH88;
				GENERATE_INFOPLIST_FILE = YES;
				INFOPLIST_FILE = "Photos App/Info.plist";
				INFOPLIST_KEY_UIApplicationSupportsIndirectInputEvents = YES;
				INFOPLIST_KEY_UILaunchStoryboardName = LaunchScreen;
				INFOPLIST_KEY_UISupportedInterfaceOrientations_iPad = "UIInterfaceOrientationPortrait UIInterfaceOrientationPortraitUpsideDown UIInterfaceOrientationLandscapeLeft UIInterfaceOrientationLandscapeRight";
				INFOPLIST_KEY_UISupportedInterfaceOrientations_iPhone = "UIInterfaceOrientationPortrait UIInterfaceOrientationLandscapeLeft UIInterfaceOrientationLandscapeRight";
				LD_RUNPATH_SEARCH_PATHS = (
					"$(inherited)",
					"@executable_path/Frameworks",
				);
				MARKETING_VERSION = 1.0;
				PRODUCT_BUNDLE_IDENTIFIER = "com.miqaelmartirosyan.Photos-App";
				PRODUCT_NAME = "$(TARGET_NAME)";
				SWIFT_EMIT_LOC_STRINGS = YES;
				SWIFT_VERSION = 5.0;
				TARGETED_DEVICE_FAMILY = "1,2";
			};
			name = Debug;
		};
		0CABAE0227FADFF20054E1B0 /* Release */ = {
			isa = XCBuildConfiguration;
			buildSettings = {
				ASSETCATALOG_COMPILER_APPICON_NAME = AppIcon;
				ASSETCATALOG_COMPILER_GLOBAL_ACCENT_COLOR_NAME = AccentColor;
				CODE_SIGN_STYLE = Automatic;
				CURRENT_PROJECT_VERSION = 1;
				DEVELOPMENT_TEAM = QDAGX7ZH88;
				GENERATE_INFOPLIST_FILE = YES;
				INFOPLIST_FILE = "Photos App/Info.plist";
				INFOPLIST_KEY_UIApplicationSupportsIndirectInputEvents = YES;
				INFOPLIST_KEY_UILaunchStoryboardName = LaunchScreen;
				INFOPLIST_KEY_UISupportedInterfaceOrientations_iPad = "UIInterfaceOrientationPortrait UIInterfaceOrientationPortraitUpsideDown UIInterfaceOrientationLandscapeLeft UIInterfaceOrientationLandscapeRight";
				INFOPLIST_KEY_UISupportedInterfaceOrientations_iPhone = "UIInterfaceOrientationPortrait UIInterfaceOrientationLandscapeLeft UIInterfaceOrientationLandscapeRight";
				LD_RUNPATH_SEARCH_PATHS = (
					"$(inherited)",
					"@executable_path/Frameworks",
				);
				MARKETING_VERSION = 1.0;
				PRODUCT_BUNDLE_IDENTIFIER = "com.miqaelmartirosyan.Photos-App";
				PRODUCT_NAME = "$(TARGET_NAME)";
				SWIFT_EMIT_LOC_STRINGS = YES;
				SWIFT_VERSION = 5.0;
				TARGETED_DEVICE_FAMILY = "1,2";
			};
			name = Release;
		};
/* End XCBuildConfiguration section */

/* Begin XCConfigurationList section */
		0CABADE727FADFF10054E1B0 /* Build configuration list for PBXProject "Photos App" */ = {
			isa = XCConfigurationList;
			buildConfigurations = (
				0CABADFE27FADFF20054E1B0 /* Debug */,
				0CABADFF27FADFF20054E1B0 /* Release */,
			);
			defaultConfigurationIsVisible = 0;
			defaultConfigurationName = Release;
		};
		0CABAE0027FADFF20054E1B0 /* Build configuration list for PBXNativeTarget "Photos App" */ = {
			isa = XCConfigurationList;
			buildConfigurations = (
				0CABAE0127FADFF20054E1B0 /* Debug */,
				0CABAE0227FADFF20054E1B0 /* Release */,
			);
			defaultConfigurationIsVisible = 0;
			defaultConfigurationName = Release;
		};
/* End XCConfigurationList section */
	};
	rootObject = 0CABADE427FADFF10054E1B0 /* Project object */;
}
